PODS:
  - Capacitor (5.0.0):
    - CapacitorCordova
  - CapacitorApp (5.0.0):
    - Capacitor
  - CapacitorClipboard (5.0.6):
    - Capacitor
  - CapacitorCommunityBluetoothLe (3.0.0):
    - Capacitor
  - CapacitorCordova (5.0.0)
  - CapacitorDevice (5.0.6):
    - Capacitor
  - CapacitorHaptics (5.0.0):
    - Capacitor
  - CapacitorKeyboard (5.0.0):
    - Capacitor
  - CapacitorNativeSettings (5.0.1):
    - Capacitor
  - CapacitorPushNotifications (5.0.2):
    - Capacitor
  - CapacitorStatusBar (5.0.0):
    - Capacitor
  - CapacitorVideoPlayer (5.5.1):
    - Capacitor
  - PowerMode (5.0.0):
    - Capacitor

DEPENDENCIES:
  - "Capacitor (from `../../node_modules/@capacitor/ios`)"
  - "CapacitorApp (from `../../node_modules/@capacitor/app`)"
  - "CapacitorClipboard (from `../../node_modules/@capacitor/clipboard`)"
  - "CapacitorCommunityBluetoothLe (from `../../node_modules/@capacitor-community/bluetooth-le`)"
  - "CapacitorCordova (from `../../node_modules/@capacitor/ios`)"
  - "CapacitorDevice (from `../../node_modules/@capacitor/device`)"
  - "CapacitorHaptics (from `../../node_modules/@capacitor/haptics`)"
  - "CapacitorKeyboard (from `../../node_modules/@capacitor/keyboard`)"
  - CapacitorNativeSettings (from `../../node_modules/capacitor-native-settings`)
  - "CapacitorPushNotifications (from `../../node_modules/@capacitor/push-notifications`)"
  - "CapacitorStatusBar (from `../../node_modules/@capacitor/status-bar`)"
  - CapacitorVideoPlayer (from `../../node_modules/capacitor-video-player`)
  - PowerMode (from `../../node_modules/power-mode`)

EXTERNAL SOURCES:
  Capacitor:
    :path: "../../node_modules/@capacitor/ios"
  CapacitorApp:
    :path: "../../node_modules/@capacitor/app"
  CapacitorClipboard:
    :path: "../../node_modules/@capacitor/clipboard"
  CapacitorCommunityBluetoothLe:
    :path: "../../node_modules/@capacitor-community/bluetooth-le"
  CapacitorCordova:
    :path: "../../node_modules/@capacitor/ios"
  CapacitorDevice:
    :path: "../../node_modules/@capacitor/device"
  CapacitorHaptics:
    :path: "../../node_modules/@capacitor/haptics"
  CapacitorKeyboard:
    :path: "../../node_modules/@capacitor/keyboard"
  CapacitorNativeSettings:
    :path: "../../node_modules/capacitor-native-settings"
  CapacitorPushNotifications:
    :path: "../../node_modules/@capacitor/push-notifications"
  CapacitorStatusBar:
    :path: "../../node_modules/@capacitor/status-bar"
  CapacitorVideoPlayer:
    :path: "../../node_modules/capacitor-video-player"
  PowerMode:
    :path: "../../node_modules/power-mode"

SPEC CHECKSUMS:
  Capacitor: b332cb737d447561e854039fb72195206685dce2
  CapacitorApp: 16e189e0463976060ccf34868e3083858c977e2b
  CapacitorClipboard: 77edf49827ea21da2a9c05c690a4a6a4d07199c4
  CapacitorCommunityBluetoothLe: f2cab9f83b1ac5568c6450f39ad6c8553c64ef16
  CapacitorCordova: 4ea17670ee562680988a7ce9db68dee5160fe564
  CapacitorDevice: 2c968f98a1ec4d22357418c1521e7ddc46c675e6
  CapacitorHaptics: a7d1a6be8d84bcb2749bad57230a8b9e8cdcef7c
  CapacitorKeyboard: 8a25a4241b74f69d457a7e81220a54c22214a679
  CapacitorNativeSettings: 6e94ed3c0465206756f320df18efc52f053ce3c7
  CapacitorPushNotifications: 0566429afa72fe083a4142a58321f0ad83837096
  CapacitorStatusBar: 7ff77f2b22a52a93a140d1b2dede027bfb7d705f
  CapacitorVideoPlayer: 2ac95a93f13d7cc6a10c9b2c5b9e655ef1d4c8b4
  PowerMode: f716309b2ac2e4520b3c98983616b074afdb33ee

PODFILE CHECKSUM: ac1233214603a7ca606172defe961f4e8c7f077d

COCOAPODS: 1.14.3
